// !$*UTF8*$!
{
	archiveVersion = 1;
	classes = {
	};
	objectVersion = 55;
	objects = {

/* Begin PBXBuildFile section */
		661F2EC028632800001FD8F2 /* CourseItemView.swift in Sources */ = {isa = PBXBuildFile; fileRef = 661F2EBF28632800001FD8F2 /* CourseItemView.swift */; };
		661F2EC228632897001FD8F2 /* CourseView.swift in Sources */ = {isa = PBXBuildFile; fileRef = 661F2EC128632897001FD8F2 /* CourseView.swift */; };
		661F2EC428634688001FD8F2 /* AnimationStyles.swift in Sources */ = {isa = PBXBuildFile; fileRef = 661F2EC328634688001FD8F2 /* AnimationStyles.swift */; };
		661F2EC628635E53001FD8F2 /* TabState.swift in Sources */ = {isa = PBXBuildFile; fileRef = 661F2EC528635E53001FD8F2 /* TabState.swift */; };
		662FAEF02854DA70001799A8 /* BlobView.swift in Sources */ = {isa = PBXBuildFile; fileRef = 662FAEEF2854DA70001799A8 /* BlobView.swift */; };
		6633481F285638ED0016A16F /* TabItem.swift in Sources */ = {isa = PBXBuildFile; fileRef = 6633481E285638ED0016A16F /* TabItem.swift */; };
		6633482128563C400016A16F /* Tab.swift in Sources */ = {isa = PBXBuildFile; fileRef = 6633482028563C400016A16F /* Tab.swift */; };
		66334823285647800016A16F /* TabPreferenceKey.swift in Sources */ = {isa = PBXBuildFile; fileRef = 66334822285647800016A16F /* TabPreferenceKey.swift */; };
		6633482528564CE40016A16F /* HomeView.swift in Sources */ = {isa = PBXBuildFile; fileRef = 6633482428564CE40016A16F /* HomeView.swift */; };
		663B7B90283F949800B923F1 /* DesignCodeiOS15App.swift in Sources */ = {isa = PBXBuildFile; fileRef = 663B7B8F283F949800B923F1 /* DesignCodeiOS15App.swift */; };
		663B7B92283F949800B923F1 /* ContentView.swift in Sources */ = {isa = PBXBuildFile; fileRef = 663B7B91283F949800B923F1 /* ContentView.swift */; };
		663B7B94283F949900B923F1 /* Assets.xcassets in Resources */ = {isa = PBXBuildFile; fileRef = 663B7B93283F949900B923F1 /* Assets.xcassets */; };
		663B7B97283F949900B923F1 /* Preview Assets.xcassets in Resources */ = {isa = PBXBuildFile; fileRef = 663B7B96283F949900B923F1 /* Preview Assets.xcassets */; };
		664AFF922858923B00D10E45 /* FeaturedItemView.swift in Sources */ = {isa = PBXBuildFile; fileRef = 664AFF912858923B00D10E45 /* FeaturedItemView.swift */; };
		664AFF95285894FA00D10E45 /* NavigationBar.swift in Sources */ = {isa = PBXBuildFile; fileRef = 664AFF94285894FA00D10E45 /* NavigationBar.swift */; };
		664AFF972858D40400D10E45 /* ScrollViewPreferenceKey.swift in Sources */ = {isa = PBXBuildFile; fileRef = 664AFF962858D40400D10E45 /* ScrollViewPreferenceKey.swift */; };
		664AFF992858DADB00D10E45 /* FontModifiers.swift in Sources */ = {isa = PBXBuildFile; fileRef = 664AFF982858DADB00D10E45 /* FontModifiers.swift */; };
		664AFF9B2858EA7D00D10E45 /* Course.swift in Sources */ = {isa = PBXBuildFile; fileRef = 664AFF9A2858EA7D00D10E45 /* Course.swift */; };
		6676128A2851967F00240720 /* StrokeStyles.swift in Sources */ = {isa = PBXBuildFile; fileRef = 667612892851967F00240720 /* StrokeStyles.swift */; };
		6676128C2851C18B00240720 /* AccountView.swift in Sources */ = {isa = PBXBuildFile; fileRef = 6676128B2851C18B00240720 /* AccountView.swift */; };
		669A25672855A5A800958C53 /* TabBar.swift in Sources */ = {isa = PBXBuildFile; fileRef = 669A25662855A5A800958C53 /* TabBar.swift */; };
		66ADD06D28545726004165EE /* HexagonView.swift in Sources */ = {isa = PBXBuildFile; fileRef = 66ADD06C28545726004165EE /* HexagonView.swift */; };
/* End PBXBuildFile section */

/* Begin PBXFileReference section */
		661F2EBF28632800001FD8F2 /* CourseItemView.swift */ = {isa = PBXFileReference; lastKnownFileType = sourcecode.swift; path = CourseItemView.swift; sourceTree = "<group>"; };
		661F2EC128632897001FD8F2 /* CourseView.swift */ = {isa = PBXFileReference; lastKnownFileType = sourcecode.swift; path = CourseView.swift; sourceTree = "<group>"; };
		661F2EC328634688001FD8F2 /* AnimationStyles.swift */ = {isa = PBXFileReference; lastKnownFileType = sourcecode.swift; path = AnimationStyles.swift; sourceTree = "<group>"; };
		661F2EC528635E53001FD8F2 /* TabState.swift */ = {isa = PBXFileReference; lastKnownFileType = sourcecode.swift; path = TabState.swift; sourceTree = "<group>"; };
		662FAEEF2854DA70001799A8 /* BlobView.swift */ = {isa = PBXFileReference; lastKnownFileType = sourcecode.swift; path = BlobView.swift; sourceTree = "<group>"; };
		6633481E285638ED0016A16F /* TabItem.swift */ = {isa = PBXFileReference; lastKnownFileType = sourcecode.swift; path = TabItem.swift; sourceTree = "<group>"; };
		6633482028563C400016A16F /* Tab.swift */ = {isa = PBXFileReference; lastKnownFileType = sourcecode.swift; path = Tab.swift; sourceTree = "<group>"; };
		66334822285647800016A16F /* TabPreferenceKey.swift */ = {isa = PBXFileReference; lastKnownFileType = sourcecode.swift; path = TabPreferenceKey.swift; sourceTree = "<group>"; };
		6633482428564CE40016A16F /* HomeView.swift */ = {isa = PBXFileReference; lastKnownFileType = sourcecode.swift; path = HomeView.swift; sourceTree = "<group>"; };
		663B7B8C283F949800B923F1 /* DesignCodeiOS15.app */ = {isa = PBXFileReference; explicitFileType = wrapper.application; includeInIndex = 0; path = DesignCodeiOS15.app; sourceTree = BUILT_PRODUCTS_DIR; };
		663B7B8F283F949800B923F1 /* DesignCodeiOS15App.swift */ = {isa = PBXFileReference; lastKnownFileType = sourcecode.swift; path = DesignCodeiOS15App.swift; sourceTree = "<group>"; };
		663B7B91283F949800B923F1 /* ContentView.swift */ = {isa = PBXFileReference; lastKnownFileType = sourcecode.swift; path = ContentView.swift; sourceTree = "<group>"; };
		663B7B93283F949900B923F1 /* Assets.xcassets */ = {isa = PBXFileReference; lastKnownFileType = folder.assetcatalog; path = Assets.xcassets; sourceTree = "<group>"; };
		663B7B96283F949900B923F1 /* Preview Assets.xcassets */ = {isa = PBXFileReference; lastKnownFileType = folder.assetcatalog; path = "Preview Assets.xcassets"; sourceTree = "<group>"; };
		664AFF912858923B00D10E45 /* FeaturedItemView.swift */ = {isa = PBXFileReference; lastKnownFileType = sourcecode.swift; path = FeaturedItemView.swift; sourceTree = "<group>"; };
		664AFF94285894FA00D10E45 /* NavigationBar.swift */ = {isa = PBXFileReference; lastKnownFileType = sourcecode.swift; path = NavigationBar.swift; sourceTree = "<group>"; };
		664AFF962858D40400D10E45 /* ScrollViewPreferenceKey.swift */ = {isa = PBXFileReference; lastKnownFileType = sourcecode.swift; path = ScrollViewPreferenceKey.swift; sourceTree = "<group>"; };
		664AFF982858DADB00D10E45 /* FontModifiers.swift */ = {isa = PBXFileReference; lastKnownFileType = sourcecode.swift; path = FontModifiers.swift; sourceTree = "<group>"; };
		664AFF9A2858EA7D00D10E45 /* Course.swift */ = {isa = PBXFileReference; lastKnownFileType = sourcecode.swift; path = Course.swift; sourceTree = "<group>"; };
		667612892851967F00240720 /* StrokeStyles.swift */ = {isa = PBXFileReference; lastKnownFileType = sourcecode.swift; path = StrokeStyles.swift; sourceTree = "<group>"; };
		6676128B2851C18B00240720 /* AccountView.swift */ = {isa = PBXFileReference; lastKnownFileType = sourcecode.swift; path = AccountView.swift; sourceTree = "<group>"; };
		669A25662855A5A800958C53 /* TabBar.swift */ = {isa = PBXFileReference; lastKnownFileType = sourcecode.swift; path = TabBar.swift; sourceTree = "<group>"; };
		66ADD06C28545726004165EE /* HexagonView.swift */ = {isa = PBXFileReference; lastKnownFileType = sourcecode.swift; path = HexagonView.swift; sourceTree = "<group>"; };
/* End PBXFileReference section */

/* Begin PBXFrameworksBuildPhase section */
		663B7B89283F949800B923F1 /* Frameworks */ = {
			isa = PBXFrameworksBuildPhase;
			buildActionMask = 2147483647;
			files = (
			);
			runOnlyForDeploymentPostprocessing = 0;
		};
/* End PBXFrameworksBuildPhase section */

/* Begin PBXGroup section */
		6633482628564EF80016A16F /* Navigation */ = {
			isa = PBXGroup;
			children = (
				663B7B91283F949800B923F1 /* ContentView.swift */,
				669A25662855A5A800958C53 /* TabBar.swift */,
				664AFF94285894FA00D10E45 /* NavigationBar.swift */,
			);
			path = Navigation;
			sourceTree = "<group>";
		};
		6633482728564F170016A16F /* Views */ = {
			isa = PBXGroup;
			children = (
				6676128B2851C18B00240720 /* AccountView.swift */,
				6633482428564CE40016A16F /* HomeView.swift */,
				661F2EC128632897001FD8F2 /* CourseView.swift */,
			);
			path = Views;
			sourceTree = "<group>";
		};
		6633482828564F280016A16F /* Components */ = {
			isa = PBXGroup;
			children = (
				662FAEEF2854DA70001799A8 /* BlobView.swift */,
				66ADD06C28545726004165EE /* HexagonView.swift */,
				664AFF912858923B00D10E45 /* FeaturedItemView.swift */,
				661F2EBF28632800001FD8F2 /* CourseItemView.swift */,
			);
			path = Components;
			sourceTree = "<group>";
		};
		6633482928564F3B0016A16F /* Model */ = {
			isa = PBXGroup;
			children = (
				6633481E285638ED0016A16F /* TabItem.swift */,
				66334822285647800016A16F /* TabPreferenceKey.swift */,
				6633482028563C400016A16F /* Tab.swift */,
				661F2EC528635E53001FD8F2 /* TabState.swift */,
				664AFF962858D40400D10E45 /* ScrollViewPreferenceKey.swift */,
				664AFF9A2858EA7D00D10E45 /* Course.swift */,
			);
			path = Model;
			sourceTree = "<group>";
		};
		6633482A28564F560016A16F /* Styles */ = {
			isa = PBXGroup;
			children = (
				667612892851967F00240720 /* StrokeStyles.swift */,
				664AFF982858DADB00D10E45 /* FontModifiers.swift */,
				661F2EC328634688001FD8F2 /* AnimationStyles.swift */,
			);
			path = Styles;
			sourceTree = "<group>";
		};
		663B7B83283F949800B923F1 = {
			isa = PBXGroup;
			children = (
				663B7B8E283F949800B923F1 /* DesignCodeiOS15 */,
				663B7B8D283F949800B923F1 /* Products */,
			);
			sourceTree = "<group>";
		};
		663B7B8D283F949800B923F1 /* Products */ = {
			isa = PBXGroup;
			children = (
				663B7B8C283F949800B923F1 /* DesignCodeiOS15.app */,
			);
			name = Products;
			sourceTree = "<group>";
		};
		663B7B8E283F949800B923F1 /* DesignCodeiOS15 */ = {
			isa = PBXGroup;
			children = (
				663B7B8F283F949800B923F1 /* DesignCodeiOS15App.swift */,
				6633482628564EF80016A16F /* Navigation */,
				6633482728564F170016A16F /* Views */,
				6633482828564F280016A16F /* Components */,
				6633482928564F3B0016A16F /* Model */,
				6633482A28564F560016A16F /* Styles */,
				663B7B93283F949900B923F1 /* Assets.xcassets */,
				663B7B95283F949900B923F1 /* Preview Content */,
			);
			path = DesignCodeiOS15;
			sourceTree = "<group>";
		};
		663B7B95283F949900B923F1 /* Preview Content */ = {
			isa = PBXGroup;
			children = (
				663B7B96283F949900B923F1 /* Preview Assets.xcassets */,
			);
			path = "Preview Content";
			sourceTree = "<group>";
		};
/* End PBXGroup section */

/* Begin PBXNativeTarget section */
		663B7B8B283F949800B923F1 /* DesignCodeiOS15 */ = {
			isa = PBXNativeTarget;
			buildConfigurationList = 663B7B9A283F949900B923F1 /* Build configuration list for PBXNativeTarget "DesignCodeiOS15" */;
			buildPhases = (
				663B7B88283F949800B923F1 /* Sources */,
				663B7B89283F949800B923F1 /* Frameworks */,
				663B7B8A283F949800B923F1 /* Resources */,
			);
			buildRules = (
			);
			dependencies = (
			);
			name = DesignCodeiOS15;
			productName = DesignCodeiOS15;
			productReference = 663B7B8C283F949800B923F1 /* DesignCodeiOS15.app */;
			productType = "com.apple.product-type.application";
		};
/* End PBXNativeTarget section */

/* Begin PBXProject section */
		663B7B84283F949800B923F1 /* Project object */ = {
			isa = PBXProject;
			attributes = {
				BuildIndependentTargetsInParallel = 1;
				LastSwiftUpdateCheck = 1330;
				LastUpgradeCheck = 1330;
				TargetAttributes = {
					663B7B8B283F949800B923F1 = {
						CreatedOnToolsVersion = 13.3;
					};
				};
			};
			buildConfigurationList = 663B7B87283F949800B923F1 /* Build configuration list for PBXProject "DesignCodeiOS15" */;
			compatibilityVersion = "Xcode 13.0";
			developmentRegion = en;
			hasScannedForEncodings = 0;
			knownRegions = (
				en,
				Base,
			);
			mainGroup = 663B7B83283F949800B923F1;
			productRefGroup = 663B7B8D283F949800B923F1 /* Products */;
			projectDirPath = "";
			projectRoot = "";
			targets = (
				663B7B8B283F949800B923F1 /* DesignCodeiOS15 */,
			);
		};
/* End PBXProject section */

/* Begin PBXResourcesBuildPhase section */
		663B7B8A283F949800B923F1 /* Resources */ = {
			isa = PBXResourcesBuildPhase;
			buildActionMask = 2147483647;
			files = (
				663B7B97283F949900B923F1 /* Preview Assets.xcassets in Resources */,
				663B7B94283F949900B923F1 /* Assets.xcassets in Resources */,
			);
			runOnlyForDeploymentPostprocessing = 0;
		};
/* End PBXResourcesBuildPhase section */

/* Begin PBXSourcesBuildPhase section */
		663B7B88283F949800B923F1 /* Sources */ = {
			isa = PBXSourcesBuildPhase;
			buildActionMask = 2147483647;
			files = (
				6676128C2851C18B00240720 /* AccountView.swift in Sources */,
				66ADD06D28545726004165EE /* HexagonView.swift in Sources */,
				661F2EC428634688001FD8F2 /* AnimationStyles.swift in Sources */,
				664AFF972858D40400D10E45 /* ScrollViewPreferenceKey.swift in Sources */,
				6633482128563C400016A16F /* Tab.swift in Sources */,
				6676128A2851967F00240720 /* StrokeStyles.swift in Sources */,
				664AFF95285894FA00D10E45 /* NavigationBar.swift in Sources */,
				6633481F285638ED0016A16F /* TabItem.swift in Sources */,
				6633482528564CE40016A16F /* HomeView.swift in Sources */,
				661F2EC028632800001FD8F2 /* CourseItemView.swift in Sources */,
				664AFF9B2858EA7D00D10E45 /* Course.swift in Sources */,
				662FAEF02854DA70001799A8 /* BlobView.swift in Sources */,
				664AFF992858DADB00D10E45 /* FontModifiers.swift in Sources */,
				661F2EC228632897001FD8F2 /* CourseView.swift in Sources */,
				664AFF922858923B00D10E45 /* FeaturedItemView.swift in Sources */,
				661F2EC628635E53001FD8F2 /* TabState.swift in Sources */,
				663B7B92283F949800B923F1 /* ContentView.swift in Sources */,
				663B7B90283F949800B923F1 /* DesignCodeiOS15App.swift in Sources */,
				66334823285647800016A16F /* TabPreferenceKey.swift in Sources */,
				669A25672855A5A800958C53 /* TabBar.swift in Sources */,
			);
			runOnlyForDeploymentPostprocessing = 0;
		};
/* End PBXSourcesBuildPhase section */

/* Begin XCBuildConfiguration section */
		663B7B98283F949900B923F1 /* Debug */ = {
			isa = XCBuildConfiguration;
			buildSettings = {
				ALWAYS_SEARCH_USER_PATHS = NO;
				CLANG_ANALYZER_NONNULL = YES;
				CLANG_ANALYZER_NUMBER_OBJECT_CONVERSION = YES_AGGRESSIVE;
				CLANG_CXX_LANGUAGE_STANDARD = "gnu++17";
				CLANG_ENABLE_MODULES = YES;
				CLANG_ENABLE_OBJC_ARC = YES;
				CLANG_ENABLE_OBJC_WEAK = YES;
				CLANG_WARN_BLOCK_CAPTURE_AUTORELEASING = YES;
				CLANG_WARN_BOOL_CONVERSION = YES;
				CLANG_WARN_COMMA = YES;
				CLANG_WARN_CONSTANT_CONVERSION = YES;
				CLANG_WARN_DEPRECATED_OBJC_IMPLEMENTATIONS = YES;
				CLANG_WARN_DIRECT_OBJC_ISA_USAGE = YES_ERROR;
				CLANG_WARN_DOCUMENTATION_COMMENTS = YES;
				CLANG_WARN_EMPTY_BODY = YES;
				CLANG_WARN_ENUM_CONVERSION = YES;
				CLANG_WARN_INFINITE_RECURSION = YES;
				CLANG_WARN_INT_CONVERSION = YES;
				CLANG_WARN_NON_LITERAL_NULL_CONVERSION = YES;
				CLANG_WARN_OBJC_IMPLICIT_RETAIN_SELF = YES;
				CLANG_WARN_OBJC_LITERAL_CONVERSION = YES;
				CLANG_WARN_OBJC_ROOT_CLASS = YES_ERROR;
				CLANG_WARN_QUOTED_INCLUDE_IN_FRAMEWORK_HEADER = YES;
				CLANG_WARN_RANGE_LOOP_ANALYSIS = YES;
				CLANG_WARN_STRICT_PROTOTYPES = YES;
				CLANG_WARN_SUSPICIOUS_MOVE = YES;
				CLANG_WARN_UNGUARDED_AVAILABILITY = YES_AGGRESSIVE;
				CLANG_WARN_UNREACHABLE_CODE = YES;
				CLANG_WARN__DUPLICATE_METHOD_MATCH = YES;
				COPY_PHASE_STRIP = NO;
				DEBUG_INFORMATION_FORMAT = dwarf;
				ENABLE_STRICT_OBJC_MSGSEND = YES;
				ENABLE_TESTABILITY = YES;
				GCC_C_LANGUAGE_STANDARD = gnu11;
				GCC_DYNAMIC_NO_PIC = NO;
				GCC_NO_COMMON_BLOCKS = YES;
				GCC_OPTIMIZATION_LEVEL = 0;
				GCC_PREPROCESSOR_DEFINITIONS = (
					"DEBUG=1",
					"$(inherited)",
				);
				GCC_WARN_64_TO_32_BIT_CONVERSION = YES;
				GCC_WARN_ABOUT_RETURN_TYPE = YES_ERROR;
				GCC_WARN_UNDECLARED_SELECTOR = YES;
				GCC_WARN_UNINITIALIZED_AUTOS = YES_AGGRESSIVE;
				GCC_WARN_UNUSED_FUNCTION = YES;
				GCC_WARN_UNUSED_VARIABLE = YES;
				IPHONEOS_DEPLOYMENT_TARGET = 15.4;
				MTL_ENABLE_DEBUG_INFO = INCLUDE_SOURCE;
				MTL_FAST_MATH = YES;
				ONLY_ACTIVE_ARCH = YES;
				SDKROOT = iphoneos;
				SWIFT_ACTIVE_COMPILATION_CONDITIONS = DEBUG;
				SWIFT_OPTIMIZATION_LEVEL = "-Onone";
			};
			name = Debug;
		};
		663B7B99283F949900B923F1 /* Release */ = {
			isa = XCBuildConfiguration;
			buildSettings = {
				ALWAYS_SEARCH_USER_PATHS = NO;
				CLANG_ANALYZER_NONNULL = YES;
				CLANG_ANALYZER_NUMBER_OBJECT_CONVERSION = YES_AGGRESSIVE;
				CLANG_CXX_LANGUAGE_STANDARD = "gnu++17";
				CLANG_ENABLE_MODULES = YES;
				CLANG_ENABLE_OBJC_ARC = YES;
				CLANG_ENABLE_OBJC_WEAK = YES;
				CLANG_WARN_BLOCK_CAPTURE_AUTORELEASING = YES;
				CLANG_WARN_BOOL_CONVERSION = YES;
				CLANG_WARN_COMMA = YES;
				CLANG_WARN_CONSTANT_CONVERSION = YES;
				CLANG_WARN_DEPRECATED_OBJC_IMPLEMENTATIONS = YES;
				CLANG_WARN_DIRECT_OBJC_ISA_USAGE = YES_ERROR;
				CLANG_WARN_DOCUMENTATION_COMMENTS = YES;
				CLANG_WARN_EMPTY_BODY = YES;
				CLANG_WARN_ENUM_CONVERSION = YES;
				CLANG_WARN_INFINITE_RECURSION = YES;
				CLANG_WARN_INT_CONVERSION = YES;
				CLANG_WARN_NON_LITERAL_NULL_CONVERSION = YES;
				CLANG_WARN_OBJC_IMPLICIT_RETAIN_SELF = YES;
				CLANG_WARN_OBJC_LITERAL_CONVERSION = YES;
				CLANG_WARN_OBJC_ROOT_CLASS = YES_ERROR;
				CLANG_WARN_QUOTED_INCLUDE_IN_FRAMEWORK_HEADER = YES;
				CLANG_WARN_RANGE_LOOP_ANALYSIS = YES;
				CLANG_WARN_STRICT_PROTOTYPES = YES;
				CLANG_WARN_SUSPICIOUS_MOVE = YES;
				CLANG_WARN_UNGUARDED_AVAILABILITY = YES_AGGRESSIVE;
				CLANG_WARN_UNREACHABLE_CODE = YES;
				CLANG_WARN__DUPLICATE_METHOD_MATCH = YES;
				COPY_PHASE_STRIP = NO;
				DEBUG_INFORMATION_FORMAT = "dwarf-with-dsym";
				ENABLE_NS_ASSERTIONS = NO;
				ENABLE_STRICT_OBJC_MSGSEND = YES;
				GCC_C_LANGUAGE_STANDARD = gnu11;
				GCC_NO_COMMON_BLOCKS = YES;
				GCC_WARN_64_TO_32_BIT_CONVERSION = YES;
				GCC_WARN_ABOUT_RETURN_TYPE = YES_ERROR;
				GCC_WARN_UNDECLARED_SELECTOR = YES;
				GCC_WARN_UNINITIALIZED_AUTOS = YES_AGGRESSIVE;
				GCC_WARN_UNUSED_FUNCTION = YES;
				GCC_WARN_UNUSED_VARIABLE = YES;
				IPHONEOS_DEPLOYMENT_TARGET = 15.4;
				MTL_ENABLE_DEBUG_INFO = NO;
				MTL_FAST_MATH = YES;
				SDKROOT = iphoneos;
				SWIFT_COMPILATION_MODE = wholemodule;
				SWIFT_OPTIMIZATION_LEVEL = "-O";
				VALIDATE_PRODUCT = YES;
			};
			name = Release;
		};
		663B7B9B283F949900B923F1 /* Debug */ = {
			isa = XCBuildConfiguration;
			buildSettings = {
				ASSETCATALOG_COMPILER_APPICON_NAME = AppIcon;
				ASSETCATALOG_COMPILER_GLOBAL_ACCENT_COLOR_NAME = AccentColor;
				CODE_SIGN_STYLE = Automatic;
				CURRENT_PROJECT_VERSION = 1;
				DEVELOPMENT_ASSET_PATHS = "\"DesignCodeiOS15/Preview Content\"";
				DEVELOPMENT_TEAM = 7PC7AW82G2;
				ENABLE_PREVIEWS = YES;
				GENERATE_INFOPLIST_FILE = YES;
				INFOPLIST_KEY_UIApplicationSceneManifest_Generation = YES;
				INFOPLIST_KEY_UIApplicationSupportsIndirectInputEvents = YES;
				INFOPLIST_KEY_UILaunchScreen_Generation = YES;
				INFOPLIST_KEY_UISupportedInterfaceOrientations_iPad = "UIInterfaceOrientationPortrait UIInterfaceOrientationPortraitUpsideDown UIInterfaceOrientationLandscapeLeft UIInterfaceOrientationLandscapeRight";
				INFOPLIST_KEY_UISupportedInterfaceOrientations_iPhone = "UIInterfaceOrientationPortrait UIInterfaceOrientationLandscapeLeft UIInterfaceOrientationLandscapeRight";
				IPHONEOS_DEPLOYMENT_TARGET = 15.0;
				LD_RUNPATH_SEARCH_PATHS = (
					"$(inherited)",
					"@executable_path/Frameworks",
				);
				MARKETING_VERSION = 1.0;
				PRODUCT_BUNDLE_IDENTIFIER = io.hittori.DesignCodeiOS15;
				PRODUCT_NAME = "$(TARGET_NAME)";
				SWIFT_EMIT_LOC_STRINGS = YES;
				SWIFT_VERSION = 5.0;
				TARGETED_DEVICE_FAMILY = "1,2";
			};
			name = Debug;
		};
		663B7B9C283F949900B923F1 /* Release */ = {
			isa = XCBuildConfiguration;
			buildSettings = {
				ASSETCATALOG_COMPILER_APPICON_NAME = AppIcon;
				ASSETCATALOG_COMPILER_GLOBAL_ACCENT_COLOR_NAME = AccentColor;
				CODE_SIGN_STYLE = Automatic;
				CURRENT_PROJECT_VERSION = 1;
				DEVELOPMENT_ASSET_PATHS = "\"DesignCodeiOS15/Preview Content\"";
				DEVELOPMENT_TEAM = 7PC7AW82G2;
				ENABLE_PREVIEWS = YES;
				GENERATE_INFOPLIST_FILE = YES;
				INFOPLIST_KEY_UIApplicationSceneManifest_Generation = YES;
				INFOPLIST_KEY_UIApplicationSupportsIndirectInputEvents = YES;
				INFOPLIST_KEY_UILaunchScreen_Generation = YES;
				INFOPLIST_KEY_UISupportedInterfaceOrientations_iPad = "UIInterfaceOrientationPortrait UIInterfaceOrientationPortraitUpsideDown UIInterfaceOrientationLandscapeLeft UIInterfaceOrientationLandscapeRight";
				INFOPLIST_KEY_UISupportedInterfaceOrientations_iPhone = "UIInterfaceOrientationPortrait UIInterfaceOrientationLandscapeLeft UIInterfaceOrientationLandscapeRight";
				IPHONEOS_DEPLOYMENT_TARGET = 15.0;
				LD_RUNPATH_SEARCH_PATHS = (
					"$(inherited)",
					"@executable_path/Frameworks",
				);
				MARKETING_VERSION = 1.0;
				PRODUCT_BUNDLE_IDENTIFIER = io.hittori.DesignCodeiOS15;
				PRODUCT_NAME = "$(TARGET_NAME)";
				SWIFT_EMIT_LOC_STRINGS = YES;
				SWIFT_VERSION = 5.0;
				TARGETED_DEVICE_FAMILY = "1,2";
			};
			name = Release;
		};
/* End XCBuildConfiguration section */

/* Begin XCConfigurationList section */
		663B7B87283F949800B923F1 /* Build configuration list for PBXProject "DesignCodeiOS15" */ = {
			isa = XCConfigurationList;
			buildConfigurations = (
				663B7B98283F949900B923F1 /* Debug */,
				663B7B99283F949900B923F1 /* Release */,
			);
			defaultConfigurationIsVisible = 0;
			defaultConfigurationName = Release;
		};
		663B7B9A283F949900B923F1 /* Build configuration list for PBXNativeTarget "DesignCodeiOS15" */ = {
			isa = XCConfigurationList;
			buildConfigurations = (
				663B7B9B283F949900B923F1 /* Debug */,
				663B7B9C283F949900B923F1 /* Release */,
			);
			defaultConfigurationIsVisible = 0;
			defaultConfigurationName = Release;
		};
/* End XCConfigurationList section */
	};
	rootObject = 663B7B84283F949800B923F1 /* Project object */;
}
